
Microsoft Visual Studio Solution File, Format Version 12.00
# Visual Studio Version 16
VisualStudioVersion = 16.0.29411.138
MinimumVisualStudioVersion = 10.0.40219.1
Project("{9A19103F-16F7-4668-BE54-9A1E7A4F7556}") = "ScheduleAndConsumeA", "ScheduleAndConsumeA\ScheduleAndConsumeA.csproj", "{F28FB120-7B35-471C-8C0D-EF2E4399B6E2}"
EndProject
Project("{FAE04EC0-301F-11D3-BF4B-00C04F79EFBC}") = "ScheduleAndConsumeB", "ScheduleAndConsumeB\ScheduleAndConsumeB.csproj", "{F15856A2-5CF0-4E12-86BE-2DF1BB2906B1}"
EndProject
Global
	GlobalSection(SolutionConfigurationPlatforms) = preSolution
		Debug|Any CPU = Debug|Any CPU
		Release|Any CPU = Release|Any CPU
	EndGlobalSection
	GlobalSection(ProjectConfigurationPlatforms) = postSolution
		{F28FB120-7B35-471C-8C0D-EF2E4399B6E2}.Debug|Any CPU.ActiveCfg = Debug|Any CPU
		{F28FB120-7B35-471C-8C0D-EF2E4399B6E2}.Debug|Any CPU.Build.0 = Debug|Any CPU
		{F28FB120-7B35-471C-8C0D-EF2E4399B6E2}.Release|Any CPU.ActiveCfg = Release|Any CPU
		{F28FB120-7B35-471C-8C0D-EF2E4399B6E2}.Release|Any CPU.Build.0 = Release|Any CPU
		{F15856A2-5CF0-4E12-86BE-2DF1BB2906B1}.Debug|Any CPU.ActiveCfg = Debug|Any CPU
		{F15856A2-5CF0-4E12-86BE-2DF1BB2906B1}.Debug|Any CPU.Build.0 = Debug|Any CPU
		{F15856A2-5CF0-4E12-86BE-2DF1BB2906B1}.Release|Any CPU.ActiveCfg = Release|Any CPU
		{F15856A2-5CF0-4E12-86BE-2DF1BB2906B1}.Release|Any CPU.Build.0 = Release|Any CPU
	EndGlobalSection
	GlobalSection(SolutionProperties) = preSolution
		HideSolutionNode = FALSE
	EndGlobalSection
	GlobalSection(ExtensibilityGlobals) = postSolution
		SolutionGuid = {3F08DD4B-7E9A-416D-B5B6-802F9AEDDA80}
	EndGlobalSection
EndGlobal
